
Microsoft Visual Studio Solution File, Format Version 12.00
Project("{FAE04EC0-301F-11D3-BF4B-00C04F79EFBC}") = "PTrampert.QueryObjects.Test", "PTrampert.QueryObjects.Test\PTrampert.QueryObjects.Test.csproj", "{4A2AD7AE-AFBB-4CAB-8C18-0834178FC631}"
EndProject
Project("{FAE04EC0-301F-11D3-BF4B-00C04F79EFBC}") = "PTrampert.QueryObjects", "PTrampert.QueryObjects\PTrampert.QueryObjects.csproj", "{341FCDEC-EC04-4F20-A96C-07E1C94F135A}"
EndProject
Project("{2150E333-8FDC-42A3-9474-1A3956D46DE8}") = "SolutionItems", "SolutionItems", "{C22ACF53-D76E-47A4-AD70-99F5CE2AFF4C}"
	ProjectSection(SolutionItems) = preProject
		LICENSE = LICENSE
		README.md = README.md
	EndProjectSection
EndProject
Global
	GlobalSection(SolutionConfigurationPlatforms) = preSolution
		Debug|Any CPU = Debug|Any CPU
		Release|Any CPU = Release|Any CPU
	EndGlobalSection
	GlobalSection(ProjectConfigurationPlatforms) = postSolution
		{4A2AD7AE-AFBB-4CAB-8C18-0834178FC631}.Debug|Any CPU.ActiveCfg = Debug|Any CPU
		{4A2AD7AE-AFBB-4CAB-8C18-0834178FC631}.Debug|Any CPU.Build.0 = Debug|Any CPU
		{4A2AD7AE-AFBB-4CAB-8C18-0834178FC631}.Release|Any CPU.ActiveCfg = Release|Any CPU
		{4A2AD7AE-AFBB-4CAB-8C18-0834178FC631}.Release|Any CPU.Build.0 = Release|Any CPU
		{341FCDEC-EC04-4F20-A96C-07E1C94F135A}.Debug|Any CPU.ActiveCfg = Debug|Any CPU
		{341FCDEC-EC04-4F20-A96C-07E1C94F135A}.Debug|Any CPU.Build.0 = Debug|Any CPU
		{341FCDEC-EC04-4F20-A96C-07E1C94F135A}.Release|Any CPU.ActiveCfg = Release|Any CPU
		{341FCDEC-EC04-4F20-A96C-07E1C94F135A}.Release|Any CPU.Build.0 = Release|Any CPU
	EndGlobalSection
EndGlobal
